
Microsoft Visual Studio Solution File, Format Version 12.00
# Visual Studio 15
Project("{FAE04EC0-301F-11D3-BF4B-00C04F79EFBC}") = "Assembly-CSharp-Editor", "Assembly-CSharp-Editor.csproj", "{9A47CB0C-7ED6-FAE4-45C5-D09E31D82FFA}"
EndProject
Project("{FAE04EC0-301F-11D3-BF4B-00C04F79EFBC}") = "Assembly-CSharp", "Assembly-CSharp.csproj", "{42B6005B-8DA8-1128-7A46-E892BEF1F251}"
EndProject
Global
	GlobalSection(SolutionConfigurationPlatforms) = preSolution
		Debug|Any CPU = Debug|Any CPU
		Release|Any CPU = Release|Any CPU
	EndGlobalSection
	GlobalSection(ProjectConfigurationPlatforms) = postSolution
		{9A47CB0C-7ED6-FAE4-45C5-D09E31D82FFA}.Debug|Any CPU.ActiveCfg = Debug|Any CPU
		{9A47CB0C-7ED6-FAE4-45C5-D09E31D82FFA}.Debug|Any CPU.Build.0 = Debug|Any CPU
		{9A47CB0C-7ED6-FAE4-45C5-D09E31D82FFA}.Release|Any CPU.ActiveCfg = Release|Any CPU
		{9A47CB0C-7ED6-FAE4-45C5-D09E31D82FFA}.Release|Any CPU.Build.0 = Release|Any CPU
		{42B6005B-8DA8-1128-7A46-E892BEF1F251}.Debug|Any CPU.ActiveCfg = Debug|Any CPU
		{42B6005B-8DA8-1128-7A46-E892BEF1F251}.Debug|Any CPU.Build.0 = Debug|Any CPU
		{42B6005B-8DA8-1128-7A46-E892BEF1F251}.Release|Any CPU.ActiveCfg = Release|Any CPU
		{42B6005B-8DA8-1128-7A46-E892BEF1F251}.Release|Any CPU.Build.0 = Release|Any CPU
	EndGlobalSection
	GlobalSection(SolutionProperties) = preSolution
		HideSolutionNode = FALSE
	EndGlobalSection
EndGlobal
